PODS:
  - Firebase/Auth (6.30.0):
    - Firebase/CoreOnly
    - FirebaseAuth (~> 6.8.0)
  - Firebase/CoreOnly (6.30.0):
    - FirebaseCore (= 6.10.0)
  - Firebase/Database (6.30.0):
    - Firebase/CoreOnly
    - FirebaseDatabase (~> 6.5.0)
  - Firebase/Functions (6.30.0):
    - Firebase/CoreOnly
    - FirebaseFunctions (~> 2.8.0)
  - FirebaseAuth (6.8.0):
    - FirebaseCore (~> 6.10)
    - GoogleUtilities/AppDelegateSwizzler (~> 6.7)
    - GoogleUtilities/Environment (~> 6.7)
    - GTMSessionFetcher/Core (~> 1.1)
  - FirebaseCore (6.10.0):
    - FirebaseCoreDiagnostics (~> 1.3)
    - GoogleUtilities/Environment (~> 6.7)
    - GoogleUtilities/Logger (~> 6.7)
  - FirebaseCoreDiagnostics (1.5.0):
    - GoogleDataTransport (~> 7.0)
    - GoogleUtilities/Environment (~> 6.7)
    - GoogleUtilities/Logger (~> 6.7)
    - nanopb (~> 1.30905.0)
  - FirebaseDatabase (6.5.0):
    - FirebaseCore (~> 6.10)
    - leveldb-library (~> 1.22)
  - FirebaseFunctions (2.8.0):
    - FirebaseCore (~> 6.10)
    - GTMSessionFetcher/Core (~> 1.1)
  - GoogleDataTransport (7.2.0):
    - nanopb (~> 1.30905.0)
  - GoogleUtilities/AppDelegateSwizzler (6.7.2):
    - GoogleUtilities/Environment
    - GoogleUtilities/Logger
    - GoogleUtilities/Network
  - GoogleUtilities/Environment (6.7.2):
    - PromisesObjC (~> 1.2)
  - GoogleUtilities/Logger (6.7.2):
    - GoogleUtilities/Environment
  - GoogleUtilities/Network (6.7.2):
    - GoogleUtilities/Logger
    - "GoogleUtilities/NSData+zlib"
    - GoogleUtilities/Reachability
  - "GoogleUtilities/NSData+zlib (6.7.2)"
  - GoogleUtilities/Reachability (6.7.2):
    - GoogleUtilities/Logger
  - GTMSessionFetcher/Core (1.4.0)
  - leveldb-library (1.22)
  - nanopb (1.30905.0):
    - nanopb/decode (= 1.30905.0)
    - nanopb/encode (= 1.30905.0)
  - nanopb/decode (1.30905.0)
  - nanopb/encode (1.30905.0)
  - PromisesObjC (1.2.10)

DEPENDENCIES:
  - Firebase/Auth
  - Firebase/Database
  - Firebase/Functions

SPEC REPOS:
  trunk:
    - Firebase
    - FirebaseAuth
    - FirebaseCore
    - FirebaseCoreDiagnostics
    - FirebaseDatabase
    - FirebaseFunctions
    - GoogleDataTransport
    - GoogleUtilities
    - GTMSessionFetcher
    - leveldb-library
    - nanopb
    - PromisesObjC

SPEC CHECKSUMS:
  Firebase: 210f41ca352067d83b1ba4fd2e7fb49a0c017397
  FirebaseAuth: 300433de340c1b058dbb8aec224a3f1bcfda5184
  FirebaseCore: 9a41e2de78fef10f63cee30ab10e2945266bc1fc
  FirebaseCoreDiagnostics: 7535fe695737f8c5b350584292a70b7f8ff0357b
  FirebaseDatabase: d85b47213273708e48c972012b39105f76229588
  FirebaseFunctions: e0694e614a5e3300120a10d925e2cd3be60a9c81
  GoogleDataTransport: 672fb0ce96fe7f7f31d43672fca62ad2c9c86f7b
  GoogleUtilities: 7f2f5a07f888cdb145101d6042bc4422f57e70b3
  GTMSessionFetcher: 6f5c8abbab8a9bce4bb3f057e317728ec6182b10
  leveldb-library: 55d93ee664b4007aac644a782d11da33fba316f7
  nanopb: c43f40fadfe79e8b8db116583945847910cbabc9
  PromisesObjC: b14b1c6b68e306650688599de8a45e49fae81151

PODFILE CHECKSUM: a97512dbc56252212a0cde42d7eca74823ecc858

COCOAPODS: 1.8.4
